
Microsoft Visual Studio Solution File, Format Version 12.00
# Visual Studio 15
VisualStudioVersion = 15.0.26228.9
MinimumVisualStudioVersion = 10.0.40219.1
Project("{2150E333-8FDC-42A3-9474-1A3956D46DE8}") = "Commons", "Commons", "{04DBB175-AFCA-413F-A7FB-738D33461E41}"
EndProject
Project("{2150E333-8FDC-42A3-9474-1A3956D46DE8}") = "Data", "Data", "{15843B1E-BA23-40CA-BA42-B01E9A95009A}"
EndProject
Project("{2150E333-8FDC-42A3-9474-1A3956D46DE8}") = "Web", "Web", "{5DEAFEEC-6719-42A3-B0CE-436E1212DA88}"
EndProject
Project("{2150E333-8FDC-42A3-9474-1A3956D46DE8}") = "Tests", "Tests", "{A2308C2A-66DA-40A6-AEED-4835DAF09D68}"
EndProject
Project("{FAE04EC0-301F-11D3-BF4B-00C04F79EFBC}") = "RestaurantSystem.Models", "RestaurantSystem.Models\RestaurantSystem.Models.csproj", "{882EB16C-CD96-422E-86CF-B1F4F4992DF3}"
EndProject
Project("{FAE04EC0-301F-11D3-BF4B-00C04F79EFBC}") = "RestaurantSystem.Data", "RestaurantSystem.Data\RestaurantSystem.Data.csproj", "{23371684-3944-4594-A807-22304240BDCE}"
EndProject
Project("{FAE04EC0-301F-11D3-BF4B-00C04F79EFBC}") = "RestaurantSystem.DataImporter", "RestaurantSystem.DataImporter\RestaurantSystem.DataImporter.csproj", "{ECC4DC8C-FB71-4C61-897C-84BE7944D91C}"
EndProject
Global
	GlobalSection(SolutionConfigurationPlatforms) = preSolution
		Debug|Any CPU = Debug|Any CPU
		Release|Any CPU = Release|Any CPU
	EndGlobalSection
	GlobalSection(ProjectConfigurationPlatforms) = postSolution
		{882EB16C-CD96-422E-86CF-B1F4F4992DF3}.Debug|Any CPU.ActiveCfg = Debug|Any CPU
		{882EB16C-CD96-422E-86CF-B1F4F4992DF3}.Debug|Any CPU.Build.0 = Debug|Any CPU
		{882EB16C-CD96-422E-86CF-B1F4F4992DF3}.Release|Any CPU.ActiveCfg = Release|Any CPU
		{882EB16C-CD96-422E-86CF-B1F4F4992DF3}.Release|Any CPU.Build.0 = Release|Any CPU
		{23371684-3944-4594-A807-22304240BDCE}.Debug|Any CPU.ActiveCfg = Debug|Any CPU
		{23371684-3944-4594-A807-22304240BDCE}.Debug|Any CPU.Build.0 = Debug|Any CPU
		{23371684-3944-4594-A807-22304240BDCE}.Release|Any CPU.ActiveCfg = Release|Any CPU
		{23371684-3944-4594-A807-22304240BDCE}.Release|Any CPU.Build.0 = Release|Any CPU
		{ECC4DC8C-FB71-4C61-897C-84BE7944D91C}.Debug|Any CPU.ActiveCfg = Debug|Any CPU
		{ECC4DC8C-FB71-4C61-897C-84BE7944D91C}.Debug|Any CPU.Build.0 = Debug|Any CPU
		{ECC4DC8C-FB71-4C61-897C-84BE7944D91C}.Release|Any CPU.ActiveCfg = Release|Any CPU
		{ECC4DC8C-FB71-4C61-897C-84BE7944D91C}.Release|Any CPU.Build.0 = Release|Any CPU
	EndGlobalSection
	GlobalSection(SolutionProperties) = preSolution
		HideSolutionNode = FALSE
	EndGlobalSection
	GlobalSection(NestedProjects) = preSolution
		{882EB16C-CD96-422E-86CF-B1F4F4992DF3} = {04DBB175-AFCA-413F-A7FB-738D33461E41}
		{23371684-3944-4594-A807-22304240BDCE} = {15843B1E-BA23-40CA-BA42-B01E9A95009A}
		{ECC4DC8C-FB71-4C61-897C-84BE7944D91C} = {15843B1E-BA23-40CA-BA42-B01E9A95009A}
	EndGlobalSection
EndGlobal
