
Microsoft Visual Studio Solution File, Format Version 12.00
# Visual Studio 15
VisualStudioVersion = 15.0.26228.9
MinimumVisualStudioVersion = 10.0.40219.1
Project("{2150E333-8FDC-42A3-9474-1A3956D46DE8}") = "Commons", "Commons", "{04DBB175-AFCA-413F-A7FB-738D33461E41}"
EndProject
Project("{2150E333-8FDC-42A3-9474-1A3956D46DE8}") = "Data", "Data", "{15843B1E-BA23-40CA-BA42-B01E9A95009A}"
EndProject
Project("{2150E333-8FDC-42A3-9474-1A3956D46DE8}") = "Web", "Web", "{5DEAFEEC-6719-42A3-B0CE-436E1212DA88}"
EndProject
Project("{2150E333-8FDC-42A3-9474-1A3956D46DE8}") = "Tests", "Tests", "{A2308C2A-66DA-40A6-AEED-4835DAF09D68}"
EndProject
Project("{FAE04EC0-301F-11D3-BF4B-00C04F79EFBC}") = "RestaurantSystem.Models", "RestaurantSystem.Models\RestaurantSystem.Models.csproj", "{882EB16C-CD96-422E-86CF-B1F4F4992DF3}"
EndProject
Project("{FAE04EC0-301F-11D3-BF4B-00C04F79EFBC}") = "RestaurantSystem.Data", "RestaurantSystem.Data\RestaurantSystem.Data.csproj", "{23371684-3944-4594-A807-22304240BDCE}"
EndProject
Project("{FAE04EC0-301F-11D3-BF4B-00C04F79EFBC}") = "RestaurantSystem.DataImporter", "RestaurantSystem.DataImporter\RestaurantSystem.DataImporter.csproj", "{ECC4DC8C-FB71-4C61-897C-84BE7944D91C}"
EndProject
Project("{FAE04EC0-301F-11D3-BF4B-00C04F79EFBC}") = "RestaurantSystem.ConsoleTestGround", "RestaurantSystem.ConsoleTestGround\RestaurantSystem.ConsoleTestGround.csproj", "{7D920805-3A6F-4E2C-8790-E4BCF066C7F2}"
EndProject
Project("{FAE04EC0-301F-11D3-BF4B-00C04F79EFBC}") = "RestaurantSystem.Web", "RestaurantSystem.Web\RestaurantSystem.Web.csproj", "{72771109-2229-448B-8437-925B1F8138E0}"
EndProject
Project("{2150E333-8FDC-42A3-9474-1A3956D46DE8}") = "Modules", "Modules", "{2669B6DE-FCBD-4853-95C3-2B94EA718C18}"
EndProject
Project("{FAE04EC0-301F-11D3-BF4B-00C04F79EFBC}") = "RestaurantSystem.JsonManaging", "RestaurantSystem.JsonManaging\RestaurantSystem.JsonManaging.csproj", "{4F762513-DB5C-4213-BEF0-FB40452EAC80}"
EndProject
Project("{FAE04EC0-301F-11D3-BF4B-00C04F79EFBC}") = "RestaurantSystem.XMLManaging", "RestaurantSystem.XMLManaging\RestaurantSystem.XMLManaging.csproj", "{E7470FBD-D7F8-4FCD-AB05-BAE83F8CF8C2}"
EndProject
Project("{FAE04EC0-301F-11D3-BF4B-00C04F79EFBC}") = "RestaurantSystem.ExcelManaging", "RestaurantSystem.ExcelManaging\RestaurantSystem.ExcelManaging.csproj", "{2FF651F2-16C5-483C-841B-878850E85AD2}"
EndProject
Project("{FAE04EC0-301F-11D3-BF4B-00C04F79EFBC}") = "RestaurantSystem.PDFManaging", "RestaurantSystem.PDFManaging\RestaurantSystem.PDFManaging.csproj", "{8D0E3659-49AC-4FB8-BF63-7B8EEE285CFF}"
EndProject
Global
	GlobalSection(SolutionConfigurationPlatforms) = preSolution
		Debug|Any CPU = Debug|Any CPU
		Release|Any CPU = Release|Any CPU
	EndGlobalSection
	GlobalSection(ProjectConfigurationPlatforms) = postSolution
		{882EB16C-CD96-422E-86CF-B1F4F4992DF3}.Debug|Any CPU.ActiveCfg = Debug|Any CPU
		{882EB16C-CD96-422E-86CF-B1F4F4992DF3}.Debug|Any CPU.Build.0 = Debug|Any CPU
		{882EB16C-CD96-422E-86CF-B1F4F4992DF3}.Release|Any CPU.ActiveCfg = Release|Any CPU
		{882EB16C-CD96-422E-86CF-B1F4F4992DF3}.Release|Any CPU.Build.0 = Release|Any CPU
		{23371684-3944-4594-A807-22304240BDCE}.Debug|Any CPU.ActiveCfg = Debug|Any CPU
		{23371684-3944-4594-A807-22304240BDCE}.Debug|Any CPU.Build.0 = Debug|Any CPU
		{23371684-3944-4594-A807-22304240BDCE}.Release|Any CPU.ActiveCfg = Release|Any CPU
		{23371684-3944-4594-A807-22304240BDCE}.Release|Any CPU.Build.0 = Release|Any CPU
		{ECC4DC8C-FB71-4C61-897C-84BE7944D91C}.Debug|Any CPU.ActiveCfg = Debug|Any CPU
		{ECC4DC8C-FB71-4C61-897C-84BE7944D91C}.Debug|Any CPU.Build.0 = Debug|Any CPU
		{ECC4DC8C-FB71-4C61-897C-84BE7944D91C}.Release|Any CPU.ActiveCfg = Release|Any CPU
		{ECC4DC8C-FB71-4C61-897C-84BE7944D91C}.Release|Any CPU.Build.0 = Release|Any CPU
		{7D920805-3A6F-4E2C-8790-E4BCF066C7F2}.Debug|Any CPU.ActiveCfg = Debug|Any CPU
		{7D920805-3A6F-4E2C-8790-E4BCF066C7F2}.Debug|Any CPU.Build.0 = Debug|Any CPU
		{7D920805-3A6F-4E2C-8790-E4BCF066C7F2}.Release|Any CPU.ActiveCfg = Release|Any CPU
		{7D920805-3A6F-4E2C-8790-E4BCF066C7F2}.Release|Any CPU.Build.0 = Release|Any CPU
		{72771109-2229-448B-8437-925B1F8138E0}.Debug|Any CPU.ActiveCfg = Debug|Any CPU
		{72771109-2229-448B-8437-925B1F8138E0}.Debug|Any CPU.Build.0 = Debug|Any CPU
		{72771109-2229-448B-8437-925B1F8138E0}.Release|Any CPU.ActiveCfg = Release|Any CPU
		{72771109-2229-448B-8437-925B1F8138E0}.Release|Any CPU.Build.0 = Release|Any CPU
		{4F762513-DB5C-4213-BEF0-FB40452EAC80}.Debug|Any CPU.ActiveCfg = Debug|Any CPU
		{4F762513-DB5C-4213-BEF0-FB40452EAC80}.Debug|Any CPU.Build.0 = Debug|Any CPU
		{4F762513-DB5C-4213-BEF0-FB40452EAC80}.Release|Any CPU.ActiveCfg = Release|Any CPU
		{4F762513-DB5C-4213-BEF0-FB40452EAC80}.Release|Any CPU.Build.0 = Release|Any CPU
		{E7470FBD-D7F8-4FCD-AB05-BAE83F8CF8C2}.Debug|Any CPU.ActiveCfg = Debug|Any CPU
		{E7470FBD-D7F8-4FCD-AB05-BAE83F8CF8C2}.Debug|Any CPU.Build.0 = Debug|Any CPU
		{E7470FBD-D7F8-4FCD-AB05-BAE83F8CF8C2}.Release|Any CPU.ActiveCfg = Release|Any CPU
		{E7470FBD-D7F8-4FCD-AB05-BAE83F8CF8C2}.Release|Any CPU.Build.0 = Release|Any CPU
		{2FF651F2-16C5-483C-841B-878850E85AD2}.Debug|Any CPU.ActiveCfg = Debug|Any CPU
		{2FF651F2-16C5-483C-841B-878850E85AD2}.Debug|Any CPU.Build.0 = Debug|Any CPU
		{2FF651F2-16C5-483C-841B-878850E85AD2}.Release|Any CPU.ActiveCfg = Release|Any CPU
		{2FF651F2-16C5-483C-841B-878850E85AD2}.Release|Any CPU.Build.0 = Release|Any CPU
		{8D0E3659-49AC-4FB8-BF63-7B8EEE285CFF}.Debug|Any CPU.ActiveCfg = Debug|Any CPU
		{8D0E3659-49AC-4FB8-BF63-7B8EEE285CFF}.Debug|Any CPU.Build.0 = Debug|Any CPU
		{8D0E3659-49AC-4FB8-BF63-7B8EEE285CFF}.Release|Any CPU.ActiveCfg = Release|Any CPU
		{8D0E3659-49AC-4FB8-BF63-7B8EEE285CFF}.Release|Any CPU.Build.0 = Release|Any CPU
	EndGlobalSection
	GlobalSection(SolutionProperties) = preSolution
		HideSolutionNode = FALSE
	EndGlobalSection
	GlobalSection(NestedProjects) = preSolution
		{882EB16C-CD96-422E-86CF-B1F4F4992DF3} = {04DBB175-AFCA-413F-A7FB-738D33461E41}
		{23371684-3944-4594-A807-22304240BDCE} = {15843B1E-BA23-40CA-BA42-B01E9A95009A}
		{ECC4DC8C-FB71-4C61-897C-84BE7944D91C} = {15843B1E-BA23-40CA-BA42-B01E9A95009A}
		{7D920805-3A6F-4E2C-8790-E4BCF066C7F2} = {A2308C2A-66DA-40A6-AEED-4835DAF09D68}
		{72771109-2229-448B-8437-925B1F8138E0} = {5DEAFEEC-6719-42A3-B0CE-436E1212DA88}
		{4F762513-DB5C-4213-BEF0-FB40452EAC80} = {2669B6DE-FCBD-4853-95C3-2B94EA718C18}
		{E7470FBD-D7F8-4FCD-AB05-BAE83F8CF8C2} = {2669B6DE-FCBD-4853-95C3-2B94EA718C18}
		{2FF651F2-16C5-483C-841B-878850E85AD2} = {2669B6DE-FCBD-4853-95C3-2B94EA718C18}
		{8D0E3659-49AC-4FB8-BF63-7B8EEE285CFF} = {2669B6DE-FCBD-4853-95C3-2B94EA718C18}
	EndGlobalSection
EndGlobal
