
Microsoft Visual Studio Solution File, Format Version 12.00
# Visual Studio 15
VisualStudioVersion = 15.0.26228.9
MinimumVisualStudioVersion = 10.0.40219.1
Project("{2150E333-8FDC-42A3-9474-1A3956D46DE8}") = "Commons", "Commons", "{04DBB175-AFCA-413F-A7FB-738D33461E41}"
EndProject
Project("{2150E333-8FDC-42A3-9474-1A3956D46DE8}") = "Data", "Data", "{15843B1E-BA23-40CA-BA42-B01E9A95009A}"
EndProject
Project("{2150E333-8FDC-42A3-9474-1A3956D46DE8}") = "Web", "Web", "{5DEAFEEC-6719-42A3-B0CE-436E1212DA88}"
EndProject
Project("{2150E333-8FDC-42A3-9474-1A3956D46DE8}") = "Tests", "Tests", "{A2308C2A-66DA-40A6-AEED-4835DAF09D68}"
EndProject
Project("{FAE04EC0-301F-11D3-BF4B-00C04F79EFBC}") = "RestaurantSystem.Models", "RestaurantSystem.Models\RestaurantSystem.Models.csproj", "{882EB16C-CD96-422E-86CF-B1F4F4992DF3}"
EndProject
Project("{FAE04EC0-301F-11D3-BF4B-00C04F79EFBC}") = "RestaurantSystem.Data", "RestaurantSystem.Data\RestaurantSystem.Data.csproj", "{23371684-3944-4594-A807-22304240BDCE}"
EndProject
Project("{FAE04EC0-301F-11D3-BF4B-00C04F79EFBC}") = "RestaurantSystem.DataImporter", "RestaurantSystem.DataImporter\RestaurantSystem.DataImporter.csproj", "{ECC4DC8C-FB71-4C61-897C-84BE7944D91C}"
EndProject
Project("{9A19103F-16F7-4668-BE54-9A1E7A4F7556}") = "RestaurantSystem.Web", "RestaurantSystem.Web\RestaurantSystem.Web.csproj", "{72771109-2229-448B-8437-925B1F8138E0}"
EndProject
Project("{2150E333-8FDC-42A3-9474-1A3956D46DE8}") = "Modules", "Modules", "{2669B6DE-FCBD-4853-95C3-2B94EA718C18}"
EndProject
Project("{2150E333-8FDC-42A3-9474-1A3956D46DE8}") = "Services", "Services", "{F30618AF-902E-4E24-BA02-B7EEA509492C}"
EndProject
Project("{FAE04EC0-301F-11D3-BF4B-00C04F79EFBC}") = "RestaurantSystem.Services", "RestaurantSystem.Services\RestaurantSystem.Services.csproj", "{169BE4D3-14EF-4682-916B-7D0CFBFB05E3}"
EndProject
Project("{FAE04EC0-301F-11D3-BF4B-00C04F79EFBC}") = "RestaurantSystem.Infrastructure", "RestaurantSystem.Infrastructure\RestaurantSystem.Infrastructure.csproj", "{982413EE-B429-41CD-9E27-ED319A6E1281}"
EndProject
Project("{FAE04EC0-301F-11D3-BF4B-00C04F79EFBC}") = "RestaurantSystem.ExcelManaging", "RestaurantSystem.ExcelManaging\RestaurantSystem.ExcelManaging.csproj", "{AEF74FF1-75E1-4887-A04D-BFC2A770ACA4}"
EndProject
Project("{FAE04EC0-301F-11D3-BF4B-00C04F79EFBC}") = "RestaurantSystem.JsonManaging", "RestaurantSystem.JsonManaging\RestaurantSystem.JsonManaging.csproj", "{D87CCAFC-4869-4A5A-819F-08273EC044ED}"
EndProject
Project("{FAE04EC0-301F-11D3-BF4B-00C04F79EFBC}") = "RestaurantSystem.PDFManaging", "RestaurantSystem.PDFManaging\RestaurantSystem.PDFManaging.csproj", "{15FFED11-B944-4710-A021-93F67B8E8C43}"
EndProject
Project("{FAE04EC0-301F-11D3-BF4B-00C04F79EFBC}") = "RestaurantSystem.XMLManaging", "RestaurantSystem.XMLManaging\RestaurantSystem.XMLManaging.csproj", "{CB6084B3-E650-4B55-8374-E52417751D7A}"
EndProject
Project("{FAE04EC0-301F-11D3-BF4B-00C04F79EFBC}") = "RestaurantSystem.ErrorLogData", "RestaurantSystem.ErrorLogData\RestaurantSystem.ErrorLogData.csproj", "{A85A095C-1FEA-41D0-9C56-03C0DBF614DF}"
EndProject
Project("{FAE04EC0-301F-11D3-BF4B-00C04F79EFBC}") = "RestaurantSystem.TestGround", "RestaurantSystem.TestGround\RestaurantSystem.TestGround.csproj", "{087D1FEB-8A85-4780-8CA7-D05DF12B64DD}"
EndProject
Project("{FAE04EC0-301F-11D3-BF4B-00C04F79EFBC}") = "RestaurantSystem.ErrorLogDataManager", "RestaurantSystem.ErrorLogDataManager\RestaurantSystem.ErrorLogDataManager.csproj", "{4059E586-FC8C-4BAE-ADF1-A026979C8208}"
EndProject
Project("{FAE04EC0-301F-11D3-BF4B-00C04F79EFBC}") = "SqlLite.TestGround", "SqlLite.TestGround\SqlLite.TestGround.csproj", "{5FE67F36-87C5-4DE0-9110-AC433A22392F}"
EndProject
Project("{FAE04EC0-301F-11D3-BF4B-00C04F79EFBC}") = "RestaurantSystem.FileManager", "RestaurantSystem.FileManager\RestaurantSystem.FileManager.csproj", "{C85C2A43-A7AF-4982-BD1A-DE326C969216}"
EndProject
Project("{FAE04EC0-301F-11D3-BF4B-00C04F79EFBC}") = "RestaurantSystem.JsonModelMapper", "RestaurantSystem.JsonModelMapper\RestaurantSystem.JsonModelMapper.csproj", "{0C2D8F5F-88D2-49C7-A338-C36C1F45C0C7}"
EndProject
Project("{FAE04EC0-301F-11D3-BF4B-00C04F79EFBC}") = "RestaurantSystem.JsonModels", "ClassLibrary1\RestaurantSystem.JsonModels.csproj", "{FF1BF15B-926C-4D1B-9282-4A35B7B09EB8}"
EndProject
Project("{FAE04EC0-301F-11D3-BF4B-00C04F79EFBC}") = "JsonFilesGenerator", "JsonFilesGenerator\JsonFilesGenerator.csproj", "{EE5EA432-BD31-4433-9A30-74F2552E75B7}"
EndProject
Project("{FAE04EC0-301F-11D3-BF4B-00C04F79EFBC}") = "RestaurantSystem.PricingData", "RestaurantSystem.PricingData\RestaurantSystem.PricingData.csproj", "{C2067359-DC4D-43EC-BFF9-780DF50BA958}"
EndProject
Project("{FAE04EC0-301F-11D3-BF4B-00C04F79EFBC}") = "PricingData.TestGround", "PricingData.TestGround\PricingData.TestGround.csproj", "{0BA74D85-9908-4127-8F0F-9387591C3219}"
EndProject
Project("{FAE04EC0-301F-11D3-BF4B-00C04F79EFBC}") = "ErrorLogData.TestGrond", "ErrorLogData.TestGrond\ErrorLogData.TestGrond.csproj", "{682BCA19-03D2-406C-8BA7-7532AFCF3299}"
EndProject
Project("{FAE04EC0-301F-11D3-BF4B-00C04F79EFBC}") = "RestaurantSystem.ErrorReportsData", "RestaurantSystem.ErrorReportsData\RestaurantSystem.ErrorReportsData.csproj", "{6FE08098-AB7C-45AB-9E9D-335E1CA7E629}"
EndProject
Global
	GlobalSection(SolutionConfigurationPlatforms) = preSolution
		Debug|Any CPU = Debug|Any CPU
		Release|Any CPU = Release|Any CPU
	EndGlobalSection
	GlobalSection(ProjectConfigurationPlatforms) = postSolution
		{882EB16C-CD96-422E-86CF-B1F4F4992DF3}.Debug|Any CPU.ActiveCfg = Debug|Any CPU
		{882EB16C-CD96-422E-86CF-B1F4F4992DF3}.Debug|Any CPU.Build.0 = Debug|Any CPU
		{882EB16C-CD96-422E-86CF-B1F4F4992DF3}.Release|Any CPU.ActiveCfg = Release|Any CPU
		{882EB16C-CD96-422E-86CF-B1F4F4992DF3}.Release|Any CPU.Build.0 = Release|Any CPU
		{23371684-3944-4594-A807-22304240BDCE}.Debug|Any CPU.ActiveCfg = Debug|Any CPU
		{23371684-3944-4594-A807-22304240BDCE}.Debug|Any CPU.Build.0 = Debug|Any CPU
		{23371684-3944-4594-A807-22304240BDCE}.Release|Any CPU.ActiveCfg = Release|Any CPU
		{23371684-3944-4594-A807-22304240BDCE}.Release|Any CPU.Build.0 = Release|Any CPU
		{ECC4DC8C-FB71-4C61-897C-84BE7944D91C}.Debug|Any CPU.ActiveCfg = Debug|Any CPU
		{ECC4DC8C-FB71-4C61-897C-84BE7944D91C}.Debug|Any CPU.Build.0 = Debug|Any CPU
		{ECC4DC8C-FB71-4C61-897C-84BE7944D91C}.Release|Any CPU.ActiveCfg = Release|Any CPU
		{ECC4DC8C-FB71-4C61-897C-84BE7944D91C}.Release|Any CPU.Build.0 = Release|Any CPU
		{72771109-2229-448B-8437-925B1F8138E0}.Debug|Any CPU.ActiveCfg = Debug|Any CPU
		{72771109-2229-448B-8437-925B1F8138E0}.Debug|Any CPU.Build.0 = Debug|Any CPU
		{72771109-2229-448B-8437-925B1F8138E0}.Release|Any CPU.ActiveCfg = Release|Any CPU
		{72771109-2229-448B-8437-925B1F8138E0}.Release|Any CPU.Build.0 = Release|Any CPU
		{169BE4D3-14EF-4682-916B-7D0CFBFB05E3}.Debug|Any CPU.ActiveCfg = Debug|Any CPU
		{169BE4D3-14EF-4682-916B-7D0CFBFB05E3}.Debug|Any CPU.Build.0 = Debug|Any CPU
		{169BE4D3-14EF-4682-916B-7D0CFBFB05E3}.Release|Any CPU.ActiveCfg = Release|Any CPU
		{169BE4D3-14EF-4682-916B-7D0CFBFB05E3}.Release|Any CPU.Build.0 = Release|Any CPU
		{982413EE-B429-41CD-9E27-ED319A6E1281}.Debug|Any CPU.ActiveCfg = Debug|Any CPU
		{982413EE-B429-41CD-9E27-ED319A6E1281}.Debug|Any CPU.Build.0 = Debug|Any CPU
		{982413EE-B429-41CD-9E27-ED319A6E1281}.Release|Any CPU.ActiveCfg = Release|Any CPU
		{982413EE-B429-41CD-9E27-ED319A6E1281}.Release|Any CPU.Build.0 = Release|Any CPU
		{AEF74FF1-75E1-4887-A04D-BFC2A770ACA4}.Debug|Any CPU.ActiveCfg = Debug|Any CPU
		{AEF74FF1-75E1-4887-A04D-BFC2A770ACA4}.Debug|Any CPU.Build.0 = Debug|Any CPU
		{AEF74FF1-75E1-4887-A04D-BFC2A770ACA4}.Release|Any CPU.ActiveCfg = Release|Any CPU
		{AEF74FF1-75E1-4887-A04D-BFC2A770ACA4}.Release|Any CPU.Build.0 = Release|Any CPU
		{D87CCAFC-4869-4A5A-819F-08273EC044ED}.Debug|Any CPU.ActiveCfg = Debug|Any CPU
		{D87CCAFC-4869-4A5A-819F-08273EC044ED}.Debug|Any CPU.Build.0 = Debug|Any CPU
		{D87CCAFC-4869-4A5A-819F-08273EC044ED}.Release|Any CPU.ActiveCfg = Release|Any CPU
		{D87CCAFC-4869-4A5A-819F-08273EC044ED}.Release|Any CPU.Build.0 = Release|Any CPU
		{15FFED11-B944-4710-A021-93F67B8E8C43}.Debug|Any CPU.ActiveCfg = Debug|Any CPU
		{15FFED11-B944-4710-A021-93F67B8E8C43}.Debug|Any CPU.Build.0 = Debug|Any CPU
		{15FFED11-B944-4710-A021-93F67B8E8C43}.Release|Any CPU.ActiveCfg = Release|Any CPU
		{15FFED11-B944-4710-A021-93F67B8E8C43}.Release|Any CPU.Build.0 = Release|Any CPU
		{CB6084B3-E650-4B55-8374-E52417751D7A}.Debug|Any CPU.ActiveCfg = Debug|Any CPU
		{CB6084B3-E650-4B55-8374-E52417751D7A}.Debug|Any CPU.Build.0 = Debug|Any CPU
		{CB6084B3-E650-4B55-8374-E52417751D7A}.Release|Any CPU.ActiveCfg = Release|Any CPU
		{CB6084B3-E650-4B55-8374-E52417751D7A}.Release|Any CPU.Build.0 = Release|Any CPU
		{A85A095C-1FEA-41D0-9C56-03C0DBF614DF}.Debug|Any CPU.ActiveCfg = Debug|Any CPU
		{A85A095C-1FEA-41D0-9C56-03C0DBF614DF}.Debug|Any CPU.Build.0 = Debug|Any CPU
		{A85A095C-1FEA-41D0-9C56-03C0DBF614DF}.Release|Any CPU.ActiveCfg = Release|Any CPU
		{A85A095C-1FEA-41D0-9C56-03C0DBF614DF}.Release|Any CPU.Build.0 = Release|Any CPU
		{087D1FEB-8A85-4780-8CA7-D05DF12B64DD}.Debug|Any CPU.ActiveCfg = Debug|Any CPU
		{087D1FEB-8A85-4780-8CA7-D05DF12B64DD}.Debug|Any CPU.Build.0 = Debug|Any CPU
		{087D1FEB-8A85-4780-8CA7-D05DF12B64DD}.Release|Any CPU.ActiveCfg = Release|Any CPU
		{087D1FEB-8A85-4780-8CA7-D05DF12B64DD}.Release|Any CPU.Build.0 = Release|Any CPU
		{4059E586-FC8C-4BAE-ADF1-A026979C8208}.Debug|Any CPU.ActiveCfg = Debug|Any CPU
		{4059E586-FC8C-4BAE-ADF1-A026979C8208}.Debug|Any CPU.Build.0 = Debug|Any CPU
		{4059E586-FC8C-4BAE-ADF1-A026979C8208}.Release|Any CPU.ActiveCfg = Release|Any CPU
		{4059E586-FC8C-4BAE-ADF1-A026979C8208}.Release|Any CPU.Build.0 = Release|Any CPU
		{5FE67F36-87C5-4DE0-9110-AC433A22392F}.Debug|Any CPU.ActiveCfg = Debug|Any CPU
		{5FE67F36-87C5-4DE0-9110-AC433A22392F}.Debug|Any CPU.Build.0 = Debug|Any CPU
		{5FE67F36-87C5-4DE0-9110-AC433A22392F}.Release|Any CPU.ActiveCfg = Release|Any CPU
		{5FE67F36-87C5-4DE0-9110-AC433A22392F}.Release|Any CPU.Build.0 = Release|Any CPU
		{C85C2A43-A7AF-4982-BD1A-DE326C969216}.Debug|Any CPU.ActiveCfg = Debug|Any CPU
		{C85C2A43-A7AF-4982-BD1A-DE326C969216}.Debug|Any CPU.Build.0 = Debug|Any CPU
		{C85C2A43-A7AF-4982-BD1A-DE326C969216}.Release|Any CPU.ActiveCfg = Release|Any CPU
		{C85C2A43-A7AF-4982-BD1A-DE326C969216}.Release|Any CPU.Build.0 = Release|Any CPU
		{0C2D8F5F-88D2-49C7-A338-C36C1F45C0C7}.Debug|Any CPU.ActiveCfg = Debug|Any CPU
		{0C2D8F5F-88D2-49C7-A338-C36C1F45C0C7}.Debug|Any CPU.Build.0 = Debug|Any CPU
		{0C2D8F5F-88D2-49C7-A338-C36C1F45C0C7}.Release|Any CPU.ActiveCfg = Release|Any CPU
		{0C2D8F5F-88D2-49C7-A338-C36C1F45C0C7}.Release|Any CPU.Build.0 = Release|Any CPU
		{FF1BF15B-926C-4D1B-9282-4A35B7B09EB8}.Debug|Any CPU.ActiveCfg = Debug|Any CPU
		{FF1BF15B-926C-4D1B-9282-4A35B7B09EB8}.Debug|Any CPU.Build.0 = Debug|Any CPU
		{FF1BF15B-926C-4D1B-9282-4A35B7B09EB8}.Release|Any CPU.ActiveCfg = Release|Any CPU
		{FF1BF15B-926C-4D1B-9282-4A35B7B09EB8}.Release|Any CPU.Build.0 = Release|Any CPU
		{EE5EA432-BD31-4433-9A30-74F2552E75B7}.Debug|Any CPU.ActiveCfg = Debug|Any CPU
		{EE5EA432-BD31-4433-9A30-74F2552E75B7}.Debug|Any CPU.Build.0 = Debug|Any CPU
		{EE5EA432-BD31-4433-9A30-74F2552E75B7}.Release|Any CPU.ActiveCfg = Release|Any CPU
		{EE5EA432-BD31-4433-9A30-74F2552E75B7}.Release|Any CPU.Build.0 = Release|Any CPU
		{C2067359-DC4D-43EC-BFF9-780DF50BA958}.Debug|Any CPU.ActiveCfg = Debug|Any CPU
		{C2067359-DC4D-43EC-BFF9-780DF50BA958}.Debug|Any CPU.Build.0 = Debug|Any CPU
		{C2067359-DC4D-43EC-BFF9-780DF50BA958}.Release|Any CPU.ActiveCfg = Release|Any CPU
		{C2067359-DC4D-43EC-BFF9-780DF50BA958}.Release|Any CPU.Build.0 = Release|Any CPU
		{0BA74D85-9908-4127-8F0F-9387591C3219}.Debug|Any CPU.ActiveCfg = Debug|Any CPU
		{0BA74D85-9908-4127-8F0F-9387591C3219}.Debug|Any CPU.Build.0 = Debug|Any CPU
		{0BA74D85-9908-4127-8F0F-9387591C3219}.Release|Any CPU.ActiveCfg = Release|Any CPU
		{0BA74D85-9908-4127-8F0F-9387591C3219}.Release|Any CPU.Build.0 = Release|Any CPU
		{682BCA19-03D2-406C-8BA7-7532AFCF3299}.Debug|Any CPU.ActiveCfg = Debug|Any CPU
		{682BCA19-03D2-406C-8BA7-7532AFCF3299}.Debug|Any CPU.Build.0 = Debug|Any CPU
		{682BCA19-03D2-406C-8BA7-7532AFCF3299}.Release|Any CPU.ActiveCfg = Release|Any CPU
		{682BCA19-03D2-406C-8BA7-7532AFCF3299}.Release|Any CPU.Build.0 = Release|Any CPU
		{6FE08098-AB7C-45AB-9E9D-335E1CA7E629}.Debug|Any CPU.ActiveCfg = Debug|Any CPU
		{6FE08098-AB7C-45AB-9E9D-335E1CA7E629}.Debug|Any CPU.Build.0 = Debug|Any CPU
		{6FE08098-AB7C-45AB-9E9D-335E1CA7E629}.Release|Any CPU.ActiveCfg = Release|Any CPU
		{6FE08098-AB7C-45AB-9E9D-335E1CA7E629}.Release|Any CPU.Build.0 = Release|Any CPU
	EndGlobalSection
	GlobalSection(SolutionProperties) = preSolution
		HideSolutionNode = FALSE
	EndGlobalSection
	GlobalSection(NestedProjects) = preSolution
		{882EB16C-CD96-422E-86CF-B1F4F4992DF3} = {04DBB175-AFCA-413F-A7FB-738D33461E41}
		{23371684-3944-4594-A807-22304240BDCE} = {15843B1E-BA23-40CA-BA42-B01E9A95009A}
		{ECC4DC8C-FB71-4C61-897C-84BE7944D91C} = {15843B1E-BA23-40CA-BA42-B01E9A95009A}
		{72771109-2229-448B-8437-925B1F8138E0} = {5DEAFEEC-6719-42A3-B0CE-436E1212DA88}
		{169BE4D3-14EF-4682-916B-7D0CFBFB05E3} = {F30618AF-902E-4E24-BA02-B7EEA509492C}
		{982413EE-B429-41CD-9E27-ED319A6E1281} = {04DBB175-AFCA-413F-A7FB-738D33461E41}
		{AEF74FF1-75E1-4887-A04D-BFC2A770ACA4} = {2669B6DE-FCBD-4853-95C3-2B94EA718C18}
		{D87CCAFC-4869-4A5A-819F-08273EC044ED} = {2669B6DE-FCBD-4853-95C3-2B94EA718C18}
		{15FFED11-B944-4710-A021-93F67B8E8C43} = {2669B6DE-FCBD-4853-95C3-2B94EA718C18}
		{CB6084B3-E650-4B55-8374-E52417751D7A} = {2669B6DE-FCBD-4853-95C3-2B94EA718C18}
		{A85A095C-1FEA-41D0-9C56-03C0DBF614DF} = {15843B1E-BA23-40CA-BA42-B01E9A95009A}
		{087D1FEB-8A85-4780-8CA7-D05DF12B64DD} = {A2308C2A-66DA-40A6-AEED-4835DAF09D68}
		{4059E586-FC8C-4BAE-ADF1-A026979C8208} = {15843B1E-BA23-40CA-BA42-B01E9A95009A}
		{5FE67F36-87C5-4DE0-9110-AC433A22392F} = {A2308C2A-66DA-40A6-AEED-4835DAF09D68}
		{C85C2A43-A7AF-4982-BD1A-DE326C969216} = {2669B6DE-FCBD-4853-95C3-2B94EA718C18}
		{0C2D8F5F-88D2-49C7-A338-C36C1F45C0C7} = {2669B6DE-FCBD-4853-95C3-2B94EA718C18}
		{FF1BF15B-926C-4D1B-9282-4A35B7B09EB8} = {04DBB175-AFCA-413F-A7FB-738D33461E41}
		{C2067359-DC4D-43EC-BFF9-780DF50BA958} = {15843B1E-BA23-40CA-BA42-B01E9A95009A}
		{0BA74D85-9908-4127-8F0F-9387591C3219} = {A2308C2A-66DA-40A6-AEED-4835DAF09D68}
		{682BCA19-03D2-406C-8BA7-7532AFCF3299} = {A2308C2A-66DA-40A6-AEED-4835DAF09D68}
		{6FE08098-AB7C-45AB-9E9D-335E1CA7E629} = {15843B1E-BA23-40CA-BA42-B01E9A95009A}
	EndGlobalSection
EndGlobal
